github.com/aws/aws-lambda-go v1.47.0 h1:0H8s0vumYx/YKs4sE7YM0ktwL2eWse+kfopsRI1sXVI=
github.com/aws/aws-lambda-go v1.47.0/go.mod h1:dpMpZgvWx5vuQJfBt0zqBha60q7Dd7RfgJv23DymV8A=
github.com/aws/aws-sdk-go-v2 v1.16.3/go.mod h1:ytwTPBG6fXTZLxxeeCCWj2/EMYp/xDUgX+OET6TLNNU=
github.com/aws/aws-sdk-go-v2 v1.16.7/go.mod h1:6CpKuLXg2w7If3ABZCl/qZ6rEgwtjZTn4eAf4RcEyuw=
github.com/aws/aws-sdk-go-v2 v1.32.0 h1:GuHp7GvMN74PXD5C97KT5D87UhIy4bQPkflQKbfkndg=
github.com/aws/aws-sdk-go-v2 v1.32.0/go.mod h1:2SK5n0a2karNTv5tbP1SjsX0uhttou00v/HpXKM1ZUo=
github.com/aws/aws-sdk-go-v2/config v1.26.0 h1:uItWWbD/FmHPGSa6GJFyZJD/RPakVjS0fmoq1vccjNw=
github.com/aws/aws-sdk-go-v2/config v1.26.0/go.mod h1:8Rf77VTcX9MMkoMIsCnuwmef+Y1bs2Zhvw9IXHdD/Po=
github.com/aws/aws-sdk-go-v2/credentials v1.16.11 h1:Gcut3tJSU7F/C5W/NnFimqnJqljF58rmaw7QlbigN3U=
github.com/aws/aws-sdk-go-v2/credentials v1.16.11/go.mod h1:CysUbSCfqvEbEQTd9Ubg2RrJy2EFM+AUHJOqqj0guTo=
github.com/aws/aws-sdk-go-v2/feature/ec2/imds v1.14.10 h1:w98BT5w+ao1/r5sUuiH6JkVzjowOKeOJRHERyy1vh58=
github.com/aws/aws-sdk-go-v2/feature/ec2/imds v1.14.10/go.mod h1:K2WGI7vUvkIv1HoNbfBA1bvIZ+9kL3YVmWxeKuLQsiw=
github.com/aws/aws-sdk-go-v2/internal/configsources v1.1.10/go.mod h1:F+EZtuIwjlv35kRJPyBGcsA4f7bnSoz15zOQ2lJq1Z4=
github.com/aws/aws-sdk-go-v2/internal/configsources v1.1.14/go.mod h1:kdjrMwHwrC3+FsKhNcCMJ7tUVj/8uSD5CZXeQ4wV6fM=
github.com/aws/aws-sdk-go-v2/internal/configsources v1.3.19 h1:Q/k5wCeJkSWs+62kDfOillkNIJ5NqmE3iOfm48g/W8c=
github.com/aws/aws-sdk-go-v2/internal/configsources v1.3.19/go.mod h1:Wns1C66VvtA2Bv/cUBuKZKQKdjo7EVMhp90aAa+8oTI=
github.com/aws/aws-sdk-go-v2/internal/endpoints/v2 v2.4.4/go.mod h1:8glyUqVIM4AmeenIsPo0oVh3+NUwnsQml2OFupfQW+0=
github.com/aws/aws-sdk-go-v2/internal/endpoints/v2 v2.4.8/go.mod h1:ZIV8GYoC6WLBW5KGs+o4rsc65/ozd+eQ0L31XF5VDwk=
github.com/aws/aws-sdk-go-v2/internal/endpoints/v2 v2.6.19 h1:AYLE0lUfKvN6icFTR/p+NmD1amYKTbqHQ1Nm+jwE6BM=
github.com/aws/aws-sdk-go-v2/internal/endpoints/v2 v2.6.19/go.mod h1:1giLakj64GjuH1NBzF/DXqly5DWHtMTaOzRZ53nFX0I=
github.com/aws/aws-sdk-go-v2/internal/ini v1.7.1 h1:uR9lXYjdPX0xY+NhvaJ4dD8rpSRz5VY81ccIIoNG+lw=
github.com/aws/aws-sdk-go-v2/internal/ini v1.7.1/go.mod h1:6fQQgfuGmw8Al/3M2IgIllycxV7ZW7WCdVSqfBeUiCY=
github.com/aws/aws-sdk-go-v2/service/internal/accept-encoding v1.10.4 h1:/b31bi3YVNlkzkBrm9LfpaKoaYZUxIAj4sHfOTmLfqw=
github.com/aws/aws-sdk-go-v2/service/internal/accept-encoding v1.10.4/go.mod h1:2aGXHFmbInwgP9ZfpmdIfOELL79zhdNYNmReK8qDfdQ=
github.com/aws/aws-sdk-go-v2/service/internal/presigned-url v1.10.9 h1:Nf2sHxjMJR8CSImIVCONRi4g0Su3J+TSTbS7G0pUeMU=
github.com/aws/aws-sdk-go-v2/service/internal/presigned-url v1.10.9/go.mod h1:idky4TER38YIjr2cADF1/ugFMKvZV7p//pVeV5LZbF0=
github.com/aws/aws-sdk-go-v2/service/iot v1.26.0 h1:b4pVIc/VszYzO00fSyKIJKpKMDrd/vCnBxqAaUijTOc=
github.com/aws/aws-sdk-go-v2/service/iot v1.26.0/go.mod h1:ZWj7/5IM7TPcNLAknqnnC6BrU8cus/qo901E8AM9hDA=
github.com/aws/aws-sdk-go-v2/service/iotdataplane v1.26.0 h1:OqDwo8BZxmG0FmyWfP2gCSoBla13rEoMjqwnyV4fEZo=
github.com/aws/aws-sdk-go-v2/service/iotdataplane v1.26.0/go.mod h1:3JINCvoxBbfWMApMylSfCRDNaTRoA4siK9QUQa69MHg=
github.com/aws/aws-sdk-go-v2/service/kinesisvideo v1.26.0 h1:/F3IIyw2oxxIMlZxNj6UAhj5lXZHZTDU9x89otNbodM=
github.com/aws/aws-sdk-go-v2/service/kinesisvideo v1.26.0/go.mod h1:YtckrYyj5bsqpiEoM9jyJGEouqAvRk1bfxEatQt9H90=
github.com/aws/aws-sdk-go-v2/service/ssm v1.26.0 h1:gDIN40hzek2/X61+5NgWB2wV1dcHbHfwl0sLBQqRw7g=
github.com/aws/aws-sdk-go-v2/service/ssm v1.26.0/go.mod h1:xXm3aLL7B/5EyUik6l08kLpkn23Fr0UOi8dND5IhOOg=
github.com/aws/aws-sdk-go-v2/service/sso v1.18.4 h1:2UVO4N/polvKeP+yCA8TLEmidEKxmNTeVpsZnj/bbgA=
github.com/aws/aws-sdk-go-v2/service/sso v1.18.4/go.mod h1:CaFfXLYL376jgbP7VKC96uFcU8Rlavak0UlAwk1Dlhc=
github.com/aws/aws-sdk-go-v2/service/ssooidc v1.21.4 h1:3JXkQ1F5n73qTpSPas6AQ8/6HFksgnB24JlNPLt3SlM=
github.com/aws/aws-sdk-go-v2/service/ssooidc v1.21.4/go.mod h1:W+nd4wWDVkSUIox9bacmkBP5NMFQeTJ/xqNabpzSR38=
github.com/aws/aws-sdk-go-v2/service/sts v1.26.4 h1:gaRFldXhoT36jVMfQ+AjAYwSfjO5LMgy1u0ObcKFhhc=
github.com/aws/aws-sdk-go-v2/service/sts v1.26.4/go.mod h1:XX5gh4CB7wAs4KhcF46G6C8a2i7eupU19dcAAE+EydU=
github.com/aws/smithy-go v1.11.2/go.mod h1:3xHYmszWVx2c0kIwQeEVf9uSm4fYZt67FBJnwub1bgM=
github.com/aws/smithy-go v1.12.0/go.mod h1:Tg+OJXh4MB2R/uN61Ko2f6hTZwB/ZYGOtib8J3gBHzA=
github.com/aws/smithy-go v1.22.0 h1:uunKnWlcoL3zO7q+gG2Pk53joueEOsnNB28QdMsmiMM=
github.com/aws/smithy-go v1.22.0/go.mod h1:irrKGvNn1InZwb2d7fkIRNucdfwR8R+Ts3wxYa/cJHg=
github.com/davecgh/go-spew v1.1.0/go.mod h1:J7Y8YcW2NihsgmVo/mv3lAwl/skON4iLHjSsI+c5H38=
github.com/davecgh/go-spew v1.1.1 h1:vj9j/u1bqnvCEfJOwUhtlOARqs3+rkHYY13jYWTU97c=
github.com/davecgh/go-spew v1.1.1/go.mod h1:J7Y8YcW2NihsgmVo/mv3lAwl/skON4iLHjSsI+c5H38=
github.com/google/go-cmp v0.5.7/go.mod h1:n+brtR0CgQNWTVd5ZUFpTBC8YFBDLK/h/bpaJ8/DtOE=
github.com/google/go-cmp v0.5.8 h1:e6P7q2lk1O+qJJb4BtCQXlK8vWEO8V1ZeuEdJNOqZyg=
github.com/google/go-cmp v0.5.8/go.mod h1:17dUlkBOakJ0+DkrSSNjCkIjxS6bF9zb3elmeNGIjoY=
github.com/jmespath/go-jmespath v0.4.0 h1:BEgLn5cpjn8UN1mAw4NjwDrS35OdebyEtFe+9YPoQUg=
github.com/jmespath/go-jmespath v0.4.0/go.mod h1:T8mJZnbsbmF+m6zOOFylbeCJqk5+pHWvzYPziyZiYoo=
github.com/jmespath/go-jmespath/internal/testify v1.5.1 h1:shLQSRRSCCPj3f2gpwzGwWFoC7ycTf1rcQZHOlsJ6N8=
github.com/jmespath/go-jmespath/internal/testify v1.5.1/go.mod h1:L3OGu8Wl2/fWfCI6z80xFu9LTZmf1ZRjMHUOPmWr69U=
github.com/pmezard/go-difflib v1.0.0 h1:4DBwDE0NGyQoBHbLQYPwSUPoCMWR5BEzIk/f1lZbAQM=
github.com/pmezard/go-difflib v1.0.0/go.mod h1:iKH77koFhYxTK1pcRnkKkqfTogsbg7gZNVY4sRDYZ/4=
github.com/stretchr/objx v0.1.0/go.mod h1:HFkY916IF+rwdDfMAkV7OtwuqBVzrE8GR6GFx+wExME=
github.com/stretchr/testify v1.7.2 h1:4jaiDzPyXQvSd7D0EjG45355tLlV3VOECpq10pLC+8s=
github.com/stretchr/testify v1.7.2/go.mod h1:R6va5+xMeoiuVRoj+gSkQ7d3FALtqAAGI1FQKckRals=
golang.org/x/xerrors v0.0.0-20191204190536-9bdfabe68543/go.mod h1:I/5z698sn9Ka8TeJc9MKroUUfqBBauWjQqLJ2OPfmY0=
gopkg.in/check.v1 v0.0.0-20161208181325-20d25e280405/go.mod h1:Co6ibVJAznAaIkqp8huTwlJQCZ016jof/cbN4VW5Yz0=
gopkg.in/yaml.v2 v2.2.8 h1:obN1ZagJSUGI0Ek/LBmuj4SNLPfIny3KsKFopxRdj10=
gopkg.in/yaml.v2 v2.2.8/go.mod h1:hI93XBmqTisBFMUTm0b8Fm+jr3Dg1NNxqwp+5A1VGuI=
gopkg.in/yaml.v3 v3.0.1 h1:fxVm/GzAzEWqLHuvctI91KS9hhNmmWOoWu0XTYJS7CA=
gopkg.in/yaml.v3 v3.0.1/go.mod h1:K4uyk7z7BCEPqu6E+C64Yfv1cQ7kz7rIZviUmN+EgEM=
